
Microsoft Visual Studio Solution File, Format Version 12.00
# Visual Studio Version 16
VisualStudioVersion = 16.0.30523.141
MinimumVisualStudioVersion = 10.0.40219.1
Project("{FAE04EC0-301F-11D3-BF4B-00C04F79EFBC}") = "Mihesan_Calin_Lab2", "Mihesan_Calin_Lab2.csproj", "{BED1C61F-A4D8-4173-ADD2-D0A512C8DDBC}"
EndProject
Global
	GlobalSection(SolutionConfigurationPlatforms) = preSolution
		Debug|Any CPU = Debug|Any CPU
		Release|Any CPU = Release|Any CPU
	EndGlobalSection
	GlobalSection(ProjectConfigurationPlatforms) = postSolution
		{BED1C61F-A4D8-4173-ADD2-D0A512C8DDBC}.Debug|Any CPU.ActiveCfg = Debug|Any CPU
		{BED1C61F-A4D8-4173-ADD2-D0A512C8DDBC}.Debug|Any CPU.Build.0 = Debug|Any CPU
		{BED1C61F-A4D8-4173-ADD2-D0A512C8DDBC}.Release|Any CPU.ActiveCfg = Release|Any CPU
		{BED1C61F-A4D8-4173-ADD2-D0A512C8DDBC}.Release|Any CPU.Build.0 = Release|Any CPU
	EndGlobalSection
	GlobalSection(SolutionProperties) = preSolution
		HideSolutionNode = FALSE
	EndGlobalSection
	GlobalSection(ExtensibilityGlobals) = postSolution
		SolutionGuid = {74C225CD-1725-4DD4-BCC4-4DB288A0E6F0}
	EndGlobalSection
EndGlobal
